<Solution>
  <Folder Name="/src/">
    <Project Path="src/DoomBuilder.App/DoomBuilder.App.csproj" />
    <Project Path="src/DoomBuilder.Core/DoomBuilder.Core.csproj" />
    <Project Path="src/DoomBuilder.Rendering/DoomBuilder.Rendering.csproj" />
    <Project Path="src/DoomBuilder.UI/DoomBuilder.UI.csproj" />
  </Folder>
  <Folder Name="/src/Plugins/">
    <Project Path="src/Plugins/BuilderModes/BuilderModes.csproj" />
    <Project Path="src/Plugins/ThreeDFloorMode/ThreeDFloorMode.csproj" />
  </Folder>
  <Folder Name="/tests/">
    <Project Path="tests/DoomBuilder.App.Tests/DoomBuilder.App.Tests.csproj" />
    <Project Path="tests/DoomBuilder.Core.Tests/DoomBuilder.Core.Tests.csproj" />
    <Project Path="tests/DoomBuilder.Rendering.Tests/DoomBuilder.Rendering.Tests.csproj" />
  </Folder>
</Solution>
